
Microsoft Visual Studio Solution File, Format Version 12.00
# Visual Studio Version 17
VisualStudioVersion = 17.0.31903.59
MinimumVisualStudioVersion = 10.0.40219.1
Project("{FAE04EC0-301F-11D3-BF4B-00C04F79EFBC}") = "InteractiveStory.Api", "InteractiveStory.Api\InteractiveStory.Api.csproj", "{C6A97ABC-CEDA-43AA-A6F5-312BC5809548}"
EndProject
Project("{FAE04EC0-301F-11D3-BF4B-00C04F79EFBC}") = "InteractiveStory.Tests", "InteractiveStory.Tests\InteractiveStory.Tests.csproj", "{818BB575-7B1B-4F2D-8DBD-10076D122AEA}"
EndProject
Global
	GlobalSection(SolutionConfigurationPlatforms) = preSolution
		Debug|Any CPU = Debug|Any CPU
		Release|Any CPU = Release|Any CPU
	EndGlobalSection
	GlobalSection(SolutionProperties) = preSolution
		HideSolutionNode = FALSE
	EndGlobalSection
	GlobalSection(ProjectConfigurationPlatforms) = postSolution
		{C6A97ABC-CEDA-43AA-A6F5-312BC5809548}.Debug|Any CPU.ActiveCfg = Debug|Any CPU
		{C6A97ABC-CEDA-43AA-A6F5-312BC5809548}.Debug|Any CPU.Build.0 = Debug|Any CPU
		{C6A97ABC-CEDA-43AA-A6F5-312BC5809548}.Release|Any CPU.ActiveCfg = Release|Any CPU
		{C6A97ABC-CEDA-43AA-A6F5-312BC5809548}.Release|Any CPU.Build.0 = Release|Any CPU
		{818BB575-7B1B-4F2D-8DBD-10076D122AEA}.Debug|Any CPU.ActiveCfg = Debug|Any CPU
		{818BB575-7B1B-4F2D-8DBD-10076D122AEA}.Debug|Any CPU.Build.0 = Debug|Any CPU
		{818BB575-7B1B-4F2D-8DBD-10076D122AEA}.Release|Any CPU.ActiveCfg = Release|Any CPU
		{818BB575-7B1B-4F2D-8DBD-10076D122AEA}.Release|Any CPU.Build.0 = Release|Any CPU
	EndGlobalSection
EndGlobal
